
Microsoft Visual Studio Solution File, Format Version 12.00
# Visual Studio Version 17
VisualStudioVersion = 17.9.34714.143
MinimumVisualStudioVersion = 10.0.40219.1
Project("{9A19103F-16F7-4668-BE54-9A1E7A4F7556}") = "Task 7.1 Redo", "Task 7.1 Redo.csproj", "{A1715847-E856-449B-982D-93503F626918}"
EndProject
Global
	GlobalSection(SolutionConfigurationPlatforms) = preSolution
		Debug|Any CPU = Debug|Any CPU
		Release|Any CPU = Release|Any CPU
	EndGlobalSection
	GlobalSection(ProjectConfigurationPlatforms) = postSolution
		{A1715847-E856-449B-982D-93503F626918}.Debug|Any CPU.ActiveCfg = Debug|Any CPU
		{A1715847-E856-449B-982D-93503F626918}.Debug|Any CPU.Build.0 = Debug|Any CPU
		{A1715847-E856-449B-982D-93503F626918}.Release|Any CPU.ActiveCfg = Release|Any CPU
		{A1715847-E856-449B-982D-93503F626918}.Release|Any CPU.Build.0 = Release|Any CPU
	EndGlobalSection
	GlobalSection(SolutionProperties) = preSolution
		HideSolutionNode = FALSE
	EndGlobalSection
	GlobalSection(ExtensibilityGlobals) = postSolution
		SolutionGuid = {53040BD2-7D16-4AAA-B1D1-93C91AEED3EE}
	EndGlobalSection
EndGlobal
